
Microsoft Visual Studio Solution File, Format Version 12.00
# Visual Studio Version 17
VisualStudioVersion = 17.14.36109.1
MinimumVisualStudioVersion = 10.0.40219.1
Project("{FAE04EC0-301F-11D3-BF4B-00C04F79EFBC}") = "PortalCOSIE.Domain", "PortalCOSIE.Domain\PortalCOSIE.Domain.csproj", "{F6555358-67E2-40FB-8758-9697006BFFD7}"
EndProject
Project("{FAE04EC0-301F-11D3-BF4B-00C04F79EFBC}") = "PortalCOSIE.Application", "PortalCOSIE.Application\PortalCOSIE.Application.csproj", "{B7F2FBAB-B6DF-4C70-93ED-F1B24EFC8E20}"
EndProject
Project("{FAE04EC0-301F-11D3-BF4B-00C04F79EFBC}") = "PortalCOSIE.Infrastructure", "PortalCOSIE.Infrastructure\PortalCOSIE.Infrastructure.csproj", "{48155597-CEE6-43F2-A0F3-28EB22A4BBE8}"
EndProject
Project("{FAE04EC0-301F-11D3-BF4B-00C04F79EFBC}") = "PortalCOSIE.Web", "PortalCOSIE.Web\PortalCOSIE.Web.csproj", "{368197B1-3451-486C-8BA2-242CDF698C2F}"
EndProject
Global
	GlobalSection(SolutionConfigurationPlatforms) = preSolution
		Debug|Any CPU = Debug|Any CPU
		Release|Any CPU = Release|Any CPU
	EndGlobalSection
	GlobalSection(ProjectConfigurationPlatforms) = postSolution
		{F6555358-67E2-40FB-8758-9697006BFFD7}.Debug|Any CPU.ActiveCfg = Debug|Any CPU
		{F6555358-67E2-40FB-8758-9697006BFFD7}.Debug|Any CPU.Build.0 = Debug|Any CPU
		{F6555358-67E2-40FB-8758-9697006BFFD7}.Release|Any CPU.ActiveCfg = Release|Any CPU
		{F6555358-67E2-40FB-8758-9697006BFFD7}.Release|Any CPU.Build.0 = Release|Any CPU
		{B7F2FBAB-B6DF-4C70-93ED-F1B24EFC8E20}.Debug|Any CPU.ActiveCfg = Debug|Any CPU
		{B7F2FBAB-B6DF-4C70-93ED-F1B24EFC8E20}.Debug|Any CPU.Build.0 = Debug|Any CPU
		{B7F2FBAB-B6DF-4C70-93ED-F1B24EFC8E20}.Release|Any CPU.ActiveCfg = Release|Any CPU
		{B7F2FBAB-B6DF-4C70-93ED-F1B24EFC8E20}.Release|Any CPU.Build.0 = Release|Any CPU
		{48155597-CEE6-43F2-A0F3-28EB22A4BBE8}.Debug|Any CPU.ActiveCfg = Debug|Any CPU
		{48155597-CEE6-43F2-A0F3-28EB22A4BBE8}.Debug|Any CPU.Build.0 = Debug|Any CPU
		{48155597-CEE6-43F2-A0F3-28EB22A4BBE8}.Release|Any CPU.ActiveCfg = Release|Any CPU
		{48155597-CEE6-43F2-A0F3-28EB22A4BBE8}.Release|Any CPU.Build.0 = Release|Any CPU
		{368197B1-3451-486C-8BA2-242CDF698C2F}.Debug|Any CPU.ActiveCfg = Debug|Any CPU
		{368197B1-3451-486C-8BA2-242CDF698C2F}.Debug|Any CPU.Build.0 = Debug|Any CPU
		{368197B1-3451-486C-8BA2-242CDF698C2F}.Release|Any CPU.ActiveCfg = Release|Any CPU
		{368197B1-3451-486C-8BA2-242CDF698C2F}.Release|Any CPU.Build.0 = Release|Any CPU
	EndGlobalSection
	GlobalSection(SolutionProperties) = preSolution
		HideSolutionNode = FALSE
	EndGlobalSection
	GlobalSection(ExtensibilityGlobals) = postSolution
		SolutionGuid = {33973991-FB8D-479F-8B34-923E5D411DB7}
	EndGlobalSection
EndGlobal
